
Microsoft Visual Studio Solution File, Format Version 12.00
# Visual Studio 15
VisualStudioVersion = 15.0.26730.16
MinimumVisualStudioVersion = 10.0.40219.1
Project("{FAE04EC0-301F-11D3-BF4B-00C04F79EFBC}") = "TimeSheetManagment", "TimeSheetManagment\TimeSheetManagment.csproj", "{001DDF61-E3A1-4E9A-BDC5-F837B4F43007}"
EndProject
Global
	GlobalSection(SolutionConfigurationPlatforms) = preSolution
		Debug|Any CPU = Debug|Any CPU
		Release|Any CPU = Release|Any CPU
	EndGlobalSection
	GlobalSection(ProjectConfigurationPlatforms) = postSolution
		{001DDF61-E3A1-4E9A-BDC5-F837B4F43007}.Debug|Any CPU.ActiveCfg = Debug|Any CPU
		{001DDF61-E3A1-4E9A-BDC5-F837B4F43007}.Debug|Any CPU.Build.0 = Debug|Any CPU
		{001DDF61-E3A1-4E9A-BDC5-F837B4F43007}.Release|Any CPU.ActiveCfg = Release|Any CPU
		{001DDF61-E3A1-4E9A-BDC5-F837B4F43007}.Release|Any CPU.Build.0 = Release|Any CPU
	EndGlobalSection
	GlobalSection(SolutionProperties) = preSolution
		HideSolutionNode = FALSE
	EndGlobalSection
	GlobalSection(ExtensibilityGlobals) = postSolution
		SolutionGuid = {C736EC35-0800-4CCF-8061-6F18D61CBCA6}
	EndGlobalSection
EndGlobal
